
Microsoft Visual Studio Solution File, Format Version 12.00
# Visual Studio Version 17
VisualStudioVersion = 17.14.36301.6 d17.14
MinimumVisualStudioVersion = 10.0.40219.1
Project("{FAE04EC0-301F-11D3-BF4B-00C04F79EFBC}") = "LoggingDemo", "LoggingDemo.csproj", "{A82A749E-9F1F-B101-AA26-FB253BAFB075}"
EndProject
Global
	GlobalSection(SolutionConfigurationPlatforms) = preSolution
		Debug|Any CPU = Debug|Any CPU
		Release|Any CPU = Release|Any CPU
	EndGlobalSection
	GlobalSection(ProjectConfigurationPlatforms) = postSolution
		{A82A749E-9F1F-B101-AA26-FB253BAFB075}.Debug|Any CPU.ActiveCfg = Debug|Any CPU
		{A82A749E-9F1F-B101-AA26-FB253BAFB075}.Debug|Any CPU.Build.0 = Debug|Any CPU
		{A82A749E-9F1F-B101-AA26-FB253BAFB075}.Release|Any CPU.ActiveCfg = Release|Any CPU
		{A82A749E-9F1F-B101-AA26-FB253BAFB075}.Release|Any CPU.Build.0 = Release|Any CPU
	EndGlobalSection
	GlobalSection(SolutionProperties) = preSolution
		HideSolutionNode = FALSE
	EndGlobalSection
	GlobalSection(ExtensibilityGlobals) = postSolution
		SolutionGuid = {A1696C2D-C336-4C77-9BFD-734F80779205}
	EndGlobalSection
EndGlobal
